uuid: 5323c4e4-0457-4053-8b7a-541625568c2c
langcode: en
status: true
dependencies:
  content:
    - 'block_content:basic:8f841b6e-1c9b-4bc6-bc9c-47cf8a25d385'
  module:
    - block_content
  theme:
    - olivero
id: testcustomblock
theme: olivero
region: footer_bottom
weight: -7
provider: null
plugin: 'block_content:8f841b6e-1c9b-4bc6-bc9c-47cf8a25d385'
settings:
  id: 'block_content:8f841b6e-1c9b-4bc6-bc9c-47cf8a25d385'
  label: 'Test custom block'
  label_display: visible
  provider: block_content
  status: true
  info: ''
  view_mode: full
visibility: {  }
